
Microsoft Visual Studio Solution File, Format Version 12.00
# Visual Studio Version 17
VisualStudioVersion = 17.4.33213.308
MinimumVisualStudioVersion = 10.0.40219.1
Project("{FAE04EC0-301F-11D3-BF4B-00C04F79EFBC}") = "AppRoot", "AppRoot\AppRoot.csproj", "{E8AEAE0F-86C9-4A4A-8699-7A79C090810A}"
EndProject
Project("{FAE04EC0-301F-11D3-BF4B-00C04F79EFBC}") = "Globals", "Globals\Globals.csproj", "{5B424274-A053-442F-BFD7-684BB12960E9}"
EndProject
Project("{FAE04EC0-301F-11D3-BF4B-00C04F79EFBC}") = "DataAccessLayer", "DataAccessLayer\DataAccessLayer.csproj", "{B7AB9508-E2FC-457A-AE59-50F0E72590C3}"
EndProject
Project("{FAE04EC0-301F-11D3-BF4B-00C04F79EFBC}") = "LogicLayer", "LogicLayer\LogicLayer.csproj", "{DFB1806A-244D-49D6-BD0B-D033E3801723}"
EndProject
Project("{FAE04EC0-301F-11D3-BF4B-00C04F79EFBC}") = "PresentationLayer", "PresentationLayer\PresentationLayer.csproj", "{E37443D6-E02A-4DAE-806B-D52805B56612}"
EndProject
Global
	GlobalSection(SolutionConfigurationPlatforms) = preSolution
		Debug|Any CPU = Debug|Any CPU
		Release|Any CPU = Release|Any CPU
	EndGlobalSection
	GlobalSection(ProjectConfigurationPlatforms) = postSolution
		{E8AEAE0F-86C9-4A4A-8699-7A79C090810A}.Debug|Any CPU.ActiveCfg = Debug|Any CPU
		{E8AEAE0F-86C9-4A4A-8699-7A79C090810A}.Debug|Any CPU.Build.0 = Debug|Any CPU
		{E8AEAE0F-86C9-4A4A-8699-7A79C090810A}.Release|Any CPU.ActiveCfg = Release|Any CPU
		{E8AEAE0F-86C9-4A4A-8699-7A79C090810A}.Release|Any CPU.Build.0 = Release|Any CPU
		{5B424274-A053-442F-BFD7-684BB12960E9}.Debug|Any CPU.ActiveCfg = Debug|Any CPU
		{5B424274-A053-442F-BFD7-684BB12960E9}.Debug|Any CPU.Build.0 = Debug|Any CPU
		{5B424274-A053-442F-BFD7-684BB12960E9}.Release|Any CPU.ActiveCfg = Release|Any CPU
		{5B424274-A053-442F-BFD7-684BB12960E9}.Release|Any CPU.Build.0 = Release|Any CPU
		{B7AB9508-E2FC-457A-AE59-50F0E72590C3}.Debug|Any CPU.ActiveCfg = Debug|Any CPU
		{B7AB9508-E2FC-457A-AE59-50F0E72590C3}.Debug|Any CPU.Build.0 = Debug|Any CPU
		{B7AB9508-E2FC-457A-AE59-50F0E72590C3}.Release|Any CPU.ActiveCfg = Release|Any CPU
		{B7AB9508-E2FC-457A-AE59-50F0E72590C3}.Release|Any CPU.Build.0 = Release|Any CPU
		{DFB1806A-244D-49D6-BD0B-D033E3801723}.Debug|Any CPU.ActiveCfg = Debug|Any CPU
		{DFB1806A-244D-49D6-BD0B-D033E3801723}.Debug|Any CPU.Build.0 = Debug|Any CPU
		{DFB1806A-244D-49D6-BD0B-D033E3801723}.Release|Any CPU.ActiveCfg = Release|Any CPU
		{DFB1806A-244D-49D6-BD0B-D033E3801723}.Release|Any CPU.Build.0 = Release|Any CPU
		{E37443D6-E02A-4DAE-806B-D52805B56612}.Debug|Any CPU.ActiveCfg = Debug|Any CPU
		{E37443D6-E02A-4DAE-806B-D52805B56612}.Debug|Any CPU.Build.0 = Debug|Any CPU
		{E37443D6-E02A-4DAE-806B-D52805B56612}.Release|Any CPU.ActiveCfg = Release|Any CPU
		{E37443D6-E02A-4DAE-806B-D52805B56612}.Release|Any CPU.Build.0 = Release|Any CPU
	EndGlobalSection
	GlobalSection(SolutionProperties) = preSolution
		HideSolutionNode = FALSE
	EndGlobalSection
	GlobalSection(ExtensibilityGlobals) = postSolution
		SolutionGuid = {320DB5F4-1C87-4254-AA6C-25D0DB1942D1}
	EndGlobalSection
EndGlobal
