
Microsoft Visual Studio Solution File, Format Version 12.00
# Visual Studio Version 17
VisualStudioVersion = 17.4.33403.182
MinimumVisualStudioVersion = 10.0.40219.1
Project("{FAE04EC0-301F-11D3-BF4B-00C04F79EFBC}") = "AppRoot", "AppRoot\AppRoot.csproj", "{95BDA753-F2C1-4592-BC07-BE2FE9B960E4}"
EndProject
Project("{FAE04EC0-301F-11D3-BF4B-00C04F79EFBC}") = "Globals", "Globals\Globals.csproj", "{BE8019F0-C8DE-4B08-AAE1-1201B378E56B}"
EndProject
Project("{FAE04EC0-301F-11D3-BF4B-00C04F79EFBC}") = "DataAccessLayer", "DataAccessLayer\DataAccessLayer.csproj", "{62BF9F9B-4688-4B15-AF0E-407A53E5B25F}"
EndProject
Project("{FAE04EC0-301F-11D3-BF4B-00C04F79EFBC}") = "LogicLayer", "LogicLayer\LogicLayer.csproj", "{6845D891-B034-44E4-8661-63C2471F2F84}"
EndProject
Project("{FAE04EC0-301F-11D3-BF4B-00C04F79EFBC}") = "PresentationLayer", "PresentationLayer\PresentationLayer.csproj", "{28C91456-BE44-495A-8206-E332250A7043}"
EndProject
Global
	GlobalSection(SolutionConfigurationPlatforms) = preSolution
		Debug|Any CPU = Debug|Any CPU
		Release|Any CPU = Release|Any CPU
	EndGlobalSection
	GlobalSection(ProjectConfigurationPlatforms) = postSolution
		{95BDA753-F2C1-4592-BC07-BE2FE9B960E4}.Debug|Any CPU.ActiveCfg = Debug|Any CPU
		{95BDA753-F2C1-4592-BC07-BE2FE9B960E4}.Debug|Any CPU.Build.0 = Debug|Any CPU
		{95BDA753-F2C1-4592-BC07-BE2FE9B960E4}.Release|Any CPU.ActiveCfg = Release|Any CPU
		{95BDA753-F2C1-4592-BC07-BE2FE9B960E4}.Release|Any CPU.Build.0 = Release|Any CPU
		{BE8019F0-C8DE-4B08-AAE1-1201B378E56B}.Debug|Any CPU.ActiveCfg = Debug|Any CPU
		{BE8019F0-C8DE-4B08-AAE1-1201B378E56B}.Debug|Any CPU.Build.0 = Debug|Any CPU
		{BE8019F0-C8DE-4B08-AAE1-1201B378E56B}.Release|Any CPU.ActiveCfg = Release|Any CPU
		{BE8019F0-C8DE-4B08-AAE1-1201B378E56B}.Release|Any CPU.Build.0 = Release|Any CPU
		{62BF9F9B-4688-4B15-AF0E-407A53E5B25F}.Debug|Any CPU.ActiveCfg = Debug|Any CPU
		{62BF9F9B-4688-4B15-AF0E-407A53E5B25F}.Debug|Any CPU.Build.0 = Debug|Any CPU
		{62BF9F9B-4688-4B15-AF0E-407A53E5B25F}.Release|Any CPU.ActiveCfg = Release|Any CPU
		{62BF9F9B-4688-4B15-AF0E-407A53E5B25F}.Release|Any CPU.Build.0 = Release|Any CPU
		{6845D891-B034-44E4-8661-63C2471F2F84}.Debug|Any CPU.ActiveCfg = Debug|Any CPU
		{6845D891-B034-44E4-8661-63C2471F2F84}.Debug|Any CPU.Build.0 = Debug|Any CPU
		{6845D891-B034-44E4-8661-63C2471F2F84}.Release|Any CPU.ActiveCfg = Release|Any CPU
		{6845D891-B034-44E4-8661-63C2471F2F84}.Release|Any CPU.Build.0 = Release|Any CPU
		{28C91456-BE44-495A-8206-E332250A7043}.Debug|Any CPU.ActiveCfg = Debug|Any CPU
		{28C91456-BE44-495A-8206-E332250A7043}.Debug|Any CPU.Build.0 = Debug|Any CPU
		{28C91456-BE44-495A-8206-E332250A7043}.Release|Any CPU.ActiveCfg = Release|Any CPU
		{28C91456-BE44-495A-8206-E332250A7043}.Release|Any CPU.Build.0 = Release|Any CPU
	EndGlobalSection
	GlobalSection(SolutionProperties) = preSolution
		HideSolutionNode = FALSE
	EndGlobalSection
	GlobalSection(ExtensibilityGlobals) = postSolution
		SolutionGuid = {B18DBF80-3956-428F-97CA-35E933A1B441}
	EndGlobalSection
EndGlobal
