
Microsoft Visual Studio Solution File, Format Version 12.00
# Visual Studio Version 17
VisualStudioVersion = 17.4.33403.182
MinimumVisualStudioVersion = 10.0.40219.1
Project("{9A19103F-16F7-4668-BE54-9A1E7A4F7556}") = "webapi", "webapi\webapi.csproj", "{6797AD18-E569-4155-94BD-218C6D08B959}"
EndProject
Project("{9A19103F-16F7-4668-BE54-9A1E7A4F7556}") = "DataAccessLayer", "DataAccessLayer\DataAccessLayer.csproj", "{626FF01A-3EE2-4AC3-9480-6406957A6B14}"
EndProject
Project("{9A19103F-16F7-4668-BE54-9A1E7A4F7556}") = "Globals", "Globals\Globals.csproj", "{214BC455-AED2-40E6-AE7E-BCC4FACE21A6}"
EndProject
Project("{9A19103F-16F7-4668-BE54-9A1E7A4F7556}") = "LogicLayer", "LogicLayer\LogicLayer.csproj", "{91F94512-48D4-4D8D-B505-65351DE05375}"
EndProject
Project("{FAE04EC0-301F-11D3-BF4B-00C04F79EFBC}") = "models", "models\models.csproj", "{F53E2D70-67C0-437A-B693-C7B4461B4736}"
EndProject
Global
	GlobalSection(SolutionConfigurationPlatforms) = preSolution
		Debug|Any CPU = Debug|Any CPU
		Release|Any CPU = Release|Any CPU
	EndGlobalSection
	GlobalSection(ProjectConfigurationPlatforms) = postSolution
		{6797AD18-E569-4155-94BD-218C6D08B959}.Debug|Any CPU.ActiveCfg = Debug|Any CPU
		{6797AD18-E569-4155-94BD-218C6D08B959}.Debug|Any CPU.Build.0 = Debug|Any CPU
		{6797AD18-E569-4155-94BD-218C6D08B959}.Release|Any CPU.ActiveCfg = Release|Any CPU
		{6797AD18-E569-4155-94BD-218C6D08B959}.Release|Any CPU.Build.0 = Release|Any CPU
		{626FF01A-3EE2-4AC3-9480-6406957A6B14}.Debug|Any CPU.ActiveCfg = Debug|Any CPU
		{626FF01A-3EE2-4AC3-9480-6406957A6B14}.Debug|Any CPU.Build.0 = Debug|Any CPU
		{626FF01A-3EE2-4AC3-9480-6406957A6B14}.Release|Any CPU.ActiveCfg = Release|Any CPU
		{626FF01A-3EE2-4AC3-9480-6406957A6B14}.Release|Any CPU.Build.0 = Release|Any CPU
		{214BC455-AED2-40E6-AE7E-BCC4FACE21A6}.Debug|Any CPU.ActiveCfg = Debug|Any CPU
		{214BC455-AED2-40E6-AE7E-BCC4FACE21A6}.Debug|Any CPU.Build.0 = Debug|Any CPU
		{214BC455-AED2-40E6-AE7E-BCC4FACE21A6}.Release|Any CPU.ActiveCfg = Release|Any CPU
		{214BC455-AED2-40E6-AE7E-BCC4FACE21A6}.Release|Any CPU.Build.0 = Release|Any CPU
		{91F94512-48D4-4D8D-B505-65351DE05375}.Debug|Any CPU.ActiveCfg = Debug|Any CPU
		{91F94512-48D4-4D8D-B505-65351DE05375}.Debug|Any CPU.Build.0 = Debug|Any CPU
		{91F94512-48D4-4D8D-B505-65351DE05375}.Release|Any CPU.ActiveCfg = Release|Any CPU
		{91F94512-48D4-4D8D-B505-65351DE05375}.Release|Any CPU.Build.0 = Release|Any CPU
		{F53E2D70-67C0-437A-B693-C7B4461B4736}.Debug|Any CPU.ActiveCfg = Debug|Any CPU
		{F53E2D70-67C0-437A-B693-C7B4461B4736}.Debug|Any CPU.Build.0 = Debug|Any CPU
		{F53E2D70-67C0-437A-B693-C7B4461B4736}.Release|Any CPU.ActiveCfg = Release|Any CPU
		{F53E2D70-67C0-437A-B693-C7B4461B4736}.Release|Any CPU.Build.0 = Release|Any CPU
	EndGlobalSection
	GlobalSection(SolutionProperties) = preSolution
		HideSolutionNode = FALSE
	EndGlobalSection
	GlobalSection(ExtensibilityGlobals) = postSolution
		SolutionGuid = {1A11B58E-2C02-4825-9AAD-1DDF7CA39BAB}
	EndGlobalSection
EndGlobal
